// !$*UTF8*$!
{
	archiveVersion = 1;
	classes = {
	};
	objectVersion = 52;
	objects = {

/* Begin PBXBuildFile section */
		4E0E2DF4257193D300795AD1 /* NetflixApp.swift in Sources */ = {isa = PBXBuildFile; fileRef = 4E0E2DF3257193D300795AD1 /* NetflixApp.swift */; };
		4E0E2DF6257193D300795AD1 /* ContentView.swift in Sources */ = {isa = PBXBuildFile; fileRef = 4E0E2DF5257193D300795AD1 /* ContentView.swift */; };
		4E0E2DF8257193D700795AD1 /* Assets.xcassets in Resources */ = {isa = PBXBuildFile; fileRef = 4E0E2DF7257193D700795AD1 /* Assets.xcassets */; };
		4E0E2DFB257193D700795AD1 /* Preview Assets.xcassets in Resources */ = {isa = PBXBuildFile; fileRef = 4E0E2DFA257193D700795AD1 /* Preview Assets.xcassets */; };
		4E0E2E0825719CB500795AD1 /* KingfisherSwiftUI in Frameworks */ = {isa = PBXBuildFile; productRef = 4E0E2E0725719CB500795AD1 /* KingfisherSwiftUI */; };
		4E0E2E0B25719CE600795AD1 /* Movie.swift in Sources */ = {isa = PBXBuildFile; fileRef = 4E0E2E0A25719CE600795AD1 /* Movie.swift */; };
		4E0E2E0E25719D9E00795AD1 /* StandardHomeMovie.swift in Sources */ = {isa = PBXBuildFile; fileRef = 4E0E2E0D25719D9E00795AD1 /* StandardHomeMovie.swift */; };
		4E0E2E1125719EDA00795AD1 /* GlobalHelpers.swift in Sources */ = {isa = PBXBuildFile; fileRef = 4E0E2E1025719EDA00795AD1 /* GlobalHelpers.swift */; };
		4E0E2E142571A2EA00795AD1 /* HomeViewModel.swift in Sources */ = {isa = PBXBuildFile; fileRef = 4E0E2E132571A2EA00795AD1 /* HomeViewModel.swift */; };
		4E0E2E172571BCF200795AD1 /* TopMoviePreview.swift in Sources */ = {isa = PBXBuildFile; fileRef = 4E0E2E162571BCF200795AD1 /* TopMoviePreview.swift */; };
		4E2F550C25727DBA0008BE5E /* SmallVerticalButton.swift in Sources */ = {isa = PBXBuildFile; fileRef = 4E2F550B25727DBA0008BE5E /* SmallVerticalButton.swift */; };
		4E2F550F2572834B0008BE5E /* WhiteButton.swift in Sources */ = {isa = PBXBuildFile; fileRef = 4E2F550E2572834B0008BE5E /* WhiteButton.swift */; };
/* End PBXBuildFile section */

/* Begin PBXFileReference section */
		4E0E2DF0257193D300795AD1 /* Netflix.app */ = {isa = PBXFileReference; explicitFileType = wrapper.application; includeInIndex = 0; path = Netflix.app; sourceTree = BUILT_PRODUCTS_DIR; };
		4E0E2DF3257193D300795AD1 /* NetflixApp.swift */ = {isa = PBXFileReference; lastKnownFileType = sourcecode.swift; path = NetflixApp.swift; sourceTree = "<group>"; };
		4E0E2DF5257193D300795AD1 /* ContentView.swift */ = {isa = PBXFileReference; lastKnownFileType = sourcecode.swift; path = ContentView.swift; sourceTree = "<group>"; };
		4E0E2DF7257193D700795AD1 /* Assets.xcassets */ = {isa = PBXFileReference; lastKnownFileType = folder.assetcatalog; path = Assets.xcassets; sourceTree = "<group>"; };
		4E0E2DFA257193D700795AD1 /* Preview Assets.xcassets */ = {isa = PBXFileReference; lastKnownFileType = folder.assetcatalog; path = "Preview Assets.xcassets"; sourceTree = "<group>"; };
		4E0E2DFC257193D700795AD1 /* Info.plist */ = {isa = PBXFileReference; lastKnownFileType = text.plist.xml; path = Info.plist; sourceTree = "<group>"; };
		4E0E2E0A25719CE600795AD1 /* Movie.swift */ = {isa = PBXFileReference; lastKnownFileType = sourcecode.swift; path = Movie.swift; sourceTree = "<group>"; };
		4E0E2E0D25719D9E00795AD1 /* StandardHomeMovie.swift */ = {isa = PBXFileReference; lastKnownFileType = sourcecode.swift; path = StandardHomeMovie.swift; sourceTree = "<group>"; };
		4E0E2E1025719EDA00795AD1 /* GlobalHelpers.swift */ = {isa = PBXFileReference; lastKnownFileType = sourcecode.swift; path = GlobalHelpers.swift; sourceTree = "<group>"; };
		4E0E2E132571A2EA00795AD1 /* HomeViewModel.swift */ = {isa = PBXFileReference; lastKnownFileType = sourcecode.swift; path = HomeViewModel.swift; sourceTree = "<group>"; };
		4E0E2E162571BCF200795AD1 /* TopMoviePreview.swift */ = {isa = PBXFileReference; lastKnownFileType = sourcecode.swift; path = TopMoviePreview.swift; sourceTree = "<group>"; };
		4E2F550B25727DBA0008BE5E /* SmallVerticalButton.swift */ = {isa = PBXFileReference; lastKnownFileType = sourcecode.swift; path = SmallVerticalButton.swift; sourceTree = "<group>"; };
		4E2F550E2572834B0008BE5E /* WhiteButton.swift */ = {isa = PBXFileReference; lastKnownFileType = sourcecode.swift; path = WhiteButton.swift; sourceTree = "<group>"; };
/* End PBXFileReference section */

/* Begin PBXFrameworksBuildPhase section */
		4E0E2DED257193D300795AD1 /* Frameworks */ = {
			isa = PBXFrameworksBuildPhase;
			buildActionMask = 2147483647;
			files = (
				4E0E2E0825719CB500795AD1 /* KingfisherSwiftUI in Frameworks */,
			);
			runOnlyForDeploymentPostprocessing = 0;
		};
/* End PBXFrameworksBuildPhase section */

/* Begin PBXGroup section */
		4E0E2DE7257193D300795AD1 = {
			isa = PBXGroup;
			children = (
				4E0E2DF2257193D300795AD1 /* Netflix */,
				4E0E2DF1257193D300795AD1 /* Products */,
			);
			sourceTree = "<group>";
		};
		4E0E2DF1257193D300795AD1 /* Products */ = {
			isa = PBXGroup;
			children = (
				4E0E2DF0257193D300795AD1 /* Netflix.app */,
			);
			name = Products;
			sourceTree = "<group>";
		};
		4E0E2DF2257193D300795AD1 /* Netflix */ = {
			isa = PBXGroup;
			children = (
				4E0E2DF3257193D300795AD1 /* NetflixApp.swift */,
				4E0E2DF5257193D300795AD1 /* ContentView.swift */,
				4E0E2E132571A2EA00795AD1 /* HomeViewModel.swift */,
				4E0E2DF7257193D700795AD1 /* Assets.xcassets */,
				4E0E2DFC257193D700795AD1 /* Info.plist */,
				4E0E2DF9257193D700795AD1 /* Preview Content */,
				4E0E2E0A25719CE600795AD1 /* Movie.swift */,
				4E0E2E0D25719D9E00795AD1 /* StandardHomeMovie.swift */,
				4E0E2E1025719EDA00795AD1 /* GlobalHelpers.swift */,
				4E0E2E162571BCF200795AD1 /* TopMoviePreview.swift */,
				4E2F550B25727DBA0008BE5E /* SmallVerticalButton.swift */,
				4E2F550E2572834B0008BE5E /* WhiteButton.swift */,
			);
			path = Netflix;
			sourceTree = "<group>";
		};
		4E0E2DF9257193D700795AD1 /* Preview Content */ = {
			isa = PBXGroup;
			children = (
				4E0E2DFA257193D700795AD1 /* Preview Assets.xcassets */,
			);
			path = "Preview Content";
			sourceTree = "<group>";
		};
/* End PBXGroup section */

/* Begin PBXNativeTarget section */
		4E0E2DEF257193D300795AD1 /* Netflix */ = {
			isa = PBXNativeTarget;
			buildConfigurationList = 4E0E2DFF257193D700795AD1 /* Build configuration list for PBXNativeTarget "Netflix" */;
			buildPhases = (
				4E0E2DEC257193D300795AD1 /* Sources */,
				4E0E2DED257193D300795AD1 /* Frameworks */,
				4E0E2DEE257193D300795AD1 /* Resources */,
			);
			buildRules = (
			);
			dependencies = (
			);
			name = Netflix;
			packageProductDependencies = (
				4E0E2E0725719CB500795AD1 /* KingfisherSwiftUI */,
			);
			productName = Netflix;
			productReference = 4E0E2DF0257193D300795AD1 /* Netflix.app */;
			productType = "com.apple.product-type.application";
		};
/* End PBXNativeTarget section */

/* Begin PBXProject section */
		4E0E2DE8257193D300795AD1 /* Project object */ = {
			isa = PBXProject;
			attributes = {
				LastSwiftUpdateCheck = 1220;
				LastUpgradeCheck = 1220;
				TargetAttributes = {
					4E0E2DEF257193D300795AD1 = {
						CreatedOnToolsVersion = 12.2;
					};
				};
			};
			buildConfigurationList = 4E0E2DEB257193D300795AD1 /* Build configuration list for PBXProject "Netflix" */;
			compatibilityVersion = "Xcode 9.3";
			developmentRegion = en;
			hasScannedForEncodings = 0;
			knownRegions = (
				en,
				Base,
			);
			mainGroup = 4E0E2DE7257193D300795AD1;
			packageReferences = (
				4E0E2E0625719CB500795AD1 /* XCRemoteSwiftPackageReference "kingfisher" */,
			);
			productRefGroup = 4E0E2DF1257193D300795AD1 /* Products */;
			projectDirPath = "";
			projectRoot = "";
			targets = (
				4E0E2DEF257193D300795AD1 /* Netflix */,
			);
		};
/* End PBXProject section */

/* Begin PBXResourcesBuildPhase section */
		4E0E2DEE257193D300795AD1 /* Resources */ = {
			isa = PBXResourcesBuildPhase;
			buildActionMask = 2147483647;
			files = (
				4E0E2DFB257193D700795AD1 /* Preview Assets.xcassets in Resources */,
				4E0E2DF8257193D700795AD1 /* Assets.xcassets in Resources */,
			);
			runOnlyForDeploymentPostprocessing = 0;
		};
/* End PBXResourcesBuildPhase section */

/* Begin PBXSourcesBuildPhase section */
		4E0E2DEC257193D300795AD1 /* Sources */ = {
			isa = PBXSourcesBuildPhase;
			buildActionMask = 2147483647;
			files = (
				4E0E2E1125719EDA00795AD1 /* GlobalHelpers.swift in Sources */,
				4E0E2E142571A2EA00795AD1 /* HomeViewModel.swift in Sources */,
				4E0E2DF6257193D300795AD1 /* ContentView.swift in Sources */,
				4E0E2E0E25719D9E00795AD1 /* StandardHomeMovie.swift in Sources */,
				4E0E2E172571BCF200795AD1 /* TopMoviePreview.swift in Sources */,
				4E0E2E0B25719CE600795AD1 /* Movie.swift in Sources */,
				4E0E2DF4257193D300795AD1 /* NetflixApp.swift in Sources */,
				4E2F550C25727DBA0008BE5E /* SmallVerticalButton.swift in Sources */,
				4E2F550F2572834B0008BE5E /* WhiteButton.swift in Sources */,
			);
			runOnlyForDeploymentPostprocessing = 0;
		};
/* End PBXSourcesBuildPhase section */

/* Begin XCBuildConfiguration section */
		4E0E2DFD257193D700795AD1 /* Debug */ = {
			isa = XCBuildConfiguration;
			buildSettings = {
				ALWAYS_SEARCH_USER_PATHS = NO;
				CLANG_ANALYZER_NONNULL = YES;
				CLANG_ANALYZER_NUMBER_OBJECT_CONVERSION = YES_AGGRESSIVE;
				CLANG_CXX_LANGUAGE_STANDARD = "gnu++14";
				CLANG_CXX_LIBRARY = "libc++";
				CLANG_ENABLE_MODULES = YES;
				CLANG_ENABLE_OBJC_ARC = YES;
				CLANG_ENABLE_OBJC_WEAK = YES;
				CLANG_WARN_BLOCK_CAPTURE_AUTORELEASING = YES;
				CLANG_WARN_BOOL_CONVERSION = YES;
				CLANG_WARN_COMMA = YES;
				CLANG_WARN_CONSTANT_CONVERSION = YES;
				CLANG_WARN_DEPRECATED_OBJC_IMPLEMENTATIONS = YES;
				CLANG_WARN_DIRECT_OBJC_ISA_USAGE = YES_ERROR;
				CLANG_WARN_DOCUMENTATION_COMMENTS = YES;
				CLANG_WARN_EMPTY_BODY = YES;
				CLANG_WARN_ENUM_CONVERSION = YES;
				CLANG_WARN_INFINITE_RECURSION = YES;
				CLANG_WARN_INT_CONVERSION = YES;
				CLANG_WARN_NON_LITERAL_NULL_CONVERSION = YES;
				CLANG_WARN_OBJC_IMPLICIT_RETAIN_SELF = YES;
				CLANG_WARN_OBJC_LITERAL_CONVERSION = YES;
				CLANG_WARN_OBJC_ROOT_CLASS = YES_ERROR;
				CLANG_WARN_QUOTED_INCLUDE_IN_FRAMEWORK_HEADER = YES;
				CLANG_WARN_RANGE_LOOP_ANALYSIS = YES;
				CLANG_WARN_STRICT_PROTOTYPES = YES;
				CLANG_WARN_SUSPICIOUS_MOVE = YES;
				CLANG_WARN_UNGUARDED_AVAILABILITY = YES_AGGRESSIVE;
				CLANG_WARN_UNREACHABLE_CODE = YES;
				CLANG_WARN__DUPLICATE_METHOD_MATCH = YES;
				COPY_PHASE_STRIP = NO;
				DEBUG_INFORMATION_FORMAT = dwarf;
				ENABLE_STRICT_OBJC_MSGSEND = YES;
				ENABLE_TESTABILITY = YES;
				GCC_C_LANGUAGE_STANDARD = gnu11;
				GCC_DYNAMIC_NO_PIC = NO;
				GCC_NO_COMMON_BLOCKS = YES;
				GCC_OPTIMIZATION_LEVEL = 0;
				GCC_PREPROCESSOR_DEFINITIONS = (
					"DEBUG=1",
					"$(inherited)",
				);
				GCC_WARN_64_TO_32_BIT_CONVERSION = YES;
				GCC_WARN_ABOUT_RETURN_TYPE = YES_ERROR;
				GCC_WARN_UNDECLARED_SELECTOR = YES;
				GCC_WARN_UNINITIALIZED_AUTOS = YES_AGGRESSIVE;
				GCC_WARN_UNUSED_FUNCTION = YES;
				GCC_WARN_UNUSED_VARIABLE = YES;
				IPHONEOS_DEPLOYMENT_TARGET = 14.2;
				MTL_ENABLE_DEBUG_INFO = INCLUDE_SOURCE;
				MTL_FAST_MATH = YES;
				ONLY_ACTIVE_ARCH = YES;
				SDKROOT = iphoneos;
				SWIFT_ACTIVE_COMPILATION_CONDITIONS = DEBUG;
				SWIFT_OPTIMIZATION_LEVEL = "-Onone";
			};
			name = Debug;
		};
		4E0E2DFE257193D700795AD1 /* Release */ = {
			isa = XCBuildConfiguration;
			buildSettings = {
				ALWAYS_SEARCH_USER_PATHS = NO;
				CLANG_ANALYZER_NONNULL = YES;
				CLANG_ANALYZER_NUMBER_OBJECT_CONVERSION = YES_AGGRESSIVE;
				CLANG_CXX_LANGUAGE_STANDARD = "gnu++14";
				CLANG_CXX_LIBRARY = "libc++";
				CLANG_ENABLE_MODULES = YES;
				CLANG_ENABLE_OBJC_ARC = YES;
				CLANG_ENABLE_OBJC_WEAK = YES;
				CLANG_WARN_BLOCK_CAPTURE_AUTORELEASING = YES;
				CLANG_WARN_BOOL_CONVERSION = YES;
				CLANG_WARN_COMMA = YES;
				CLANG_WARN_CONSTANT_CONVERSION = YES;
				CLANG_WARN_DEPRECATED_OBJC_IMPLEMENTATIONS = YES;
				CLANG_WARN_DIRECT_OBJC_ISA_USAGE = YES_ERROR;
				CLANG_WARN_DOCUMENTATION_COMMENTS = YES;
				CLANG_WARN_EMPTY_BODY = YES;
				CLANG_WARN_ENUM_CONVERSION = YES;
				CLANG_WARN_INFINITE_RECURSION = YES;
				CLANG_WARN_INT_CONVERSION = YES;
				CLANG_WARN_NON_LITERAL_NULL_CONVERSION = YES;
				CLANG_WARN_OBJC_IMPLICIT_RETAIN_SELF = YES;
				CLANG_WARN_OBJC_LITERAL_CONVERSION = YES;
				CLANG_WARN_OBJC_ROOT_CLASS = YES_ERROR;
				CLANG_WARN_QUOTED_INCLUDE_IN_FRAMEWORK_HEADER = YES;
				CLANG_WARN_RANGE_LOOP_ANALYSIS = YES;
				CLANG_WARN_STRICT_PROTOTYPES = YES;
				CLANG_WARN_SUSPICIOUS_MOVE = YES;
				CLANG_WARN_UNGUARDED_AVAILABILITY = YES_AGGRESSIVE;
				CLANG_WARN_UNREACHABLE_CODE = YES;
				CLANG_WARN__DUPLICATE_METHOD_MATCH = YES;
				COPY_PHASE_STRIP = NO;
				DEBUG_INFORMATION_FORMAT = "dwarf-with-dsym";
				ENABLE_NS_ASSERTIONS = NO;
				ENABLE_STRICT_OBJC_MSGSEND = YES;
				GCC_C_LANGUAGE_STANDARD = gnu11;
				GCC_NO_COMMON_BLOCKS = YES;
				GCC_WARN_64_TO_32_BIT_CONVERSION = YES;
				GCC_WARN_ABOUT_RETURN_TYPE = YES_ERROR;
				GCC_WARN_UNDECLARED_SELECTOR = YES;
				GCC_WARN_UNINITIALIZED_AUTOS = YES_AGGRESSIVE;
				GCC_WARN_UNUSED_FUNCTION = YES;
				GCC_WARN_UNUSED_VARIABLE = YES;
				IPHONEOS_DEPLOYMENT_TARGET = 14.2;
				MTL_ENABLE_DEBUG_INFO = NO;
				MTL_FAST_MATH = YES;
				SDKROOT = iphoneos;
				SWIFT_COMPILATION_MODE = wholemodule;
				SWIFT_OPTIMIZATION_LEVEL = "-O";
				VALIDATE_PRODUCT = YES;
			};
			name = Release;
		};
		4E0E2E00257193D700795AD1 /* Debug */ = {
			isa = XCBuildConfiguration;
			buildSettings = {
				ASSETCATALOG_COMPILER_APPICON_NAME = AppIcon;
				ASSETCATALOG_COMPILER_GLOBAL_ACCENT_COLOR_NAME = AccentColor;
				CODE_SIGN_STYLE = Automatic;
				DEVELOPMENT_ASSET_PATHS = "\"Netflix/Preview Content\"";
				DEVELOPMENT_TEAM = 6XC73DDQ2K;
				ENABLE_PREVIEWS = YES;
				INFOPLIST_FILE = Netflix/Info.plist;
				IPHONEOS_DEPLOYMENT_TARGET = 14.0;
				LD_RUNPATH_SEARCH_PATHS = (
					"$(inherited)",
					"@executable_path/Frameworks",
				);
				PRODUCT_BUNDLE_IDENTIFIER = com.keepitfreshios.Netflix;
				PRODUCT_NAME = "$(TARGET_NAME)";
				SWIFT_VERSION = 5.0;
				TARGETED_DEVICE_FAMILY = "1,2";
			};
			name = Debug;
		};
		4E0E2E01257193D700795AD1 /* Release */ = {
			isa = XCBuildConfiguration;
			buildSettings = {
				ASSETCATALOG_COMPILER_APPICON_NAME = AppIcon;
				ASSETCATALOG_COMPILER_GLOBAL_ACCENT_COLOR_NAME = AccentColor;
				CODE_SIGN_STYLE = Automatic;
				DEVELOPMENT_ASSET_PATHS = "\"Netflix/Preview Content\"";
				DEVELOPMENT_TEAM = 6XC73DDQ2K;
				ENABLE_PREVIEWS = YES;
				INFOPLIST_FILE = Netflix/Info.plist;
				IPHONEOS_DEPLOYMENT_TARGET = 14.0;
				LD_RUNPATH_SEARCH_PATHS = (
					"$(inherited)",
					"@executable_path/Frameworks",
				);
				PRODUCT_BUNDLE_IDENTIFIER = com.keepitfreshios.Netflix;
				PRODUCT_NAME = "$(TARGET_NAME)";
				SWIFT_VERSION = 5.0;
				TARGETED_DEVICE_FAMILY = "1,2";
			};
			name = Release;
		};
/* End XCBuildConfiguration section */

/* Begin XCConfigurationList section */
		4E0E2DEB257193D300795AD1 /* Build configuration list for PBXProject "Netflix" */ = {
			isa = XCConfigurationList;
			buildConfigurations = (
				4E0E2DFD257193D700795AD1 /* Debug */,
				4E0E2DFE257193D700795AD1 /* Release */,
			);
			defaultConfigurationIsVisible = 0;
			defaultConfigurationName = Release;
		};
		4E0E2DFF257193D700795AD1 /* Build configuration list for PBXNativeTarget "Netflix" */ = {
			isa = XCConfigurationList;
			buildConfigurations = (
				4E0E2E00257193D700795AD1 /* Debug */,
				4E0E2E01257193D700795AD1 /* Release */,
			);
			defaultConfigurationIsVisible = 0;
			defaultConfigurationName = Release;
		};
/* End XCConfigurationList section */

/* Begin XCRemoteSwiftPackageReference section */
		4E0E2E0625719CB500795AD1 /* XCRemoteSwiftPackageReference "kingfisher" */ = {
			isa = XCRemoteSwiftPackageReference;
			repositoryURL = "https://github.com/onevcat/kingfisher";
			requirement = {
				kind = exactVersion;
				version = 5.14.1;
			};
		};
/* End XCRemoteSwiftPackageReference section */

/* Begin XCSwiftPackageProductDependency section */
		4E0E2E0725719CB500795AD1 /* KingfisherSwiftUI */ = {
			isa = XCSwiftPackageProductDependency;
			package = 4E0E2E0625719CB500795AD1 /* XCRemoteSwiftPackageReference "kingfisher" */;
			productName = KingfisherSwiftUI;
		};
/* End XCSwiftPackageProductDependency section */
	};
	rootObject = 4E0E2DE8257193D300795AD1 /* Project object */;
}
